{
  "version": 4,
  "terraform_version": "1.7.3",
  "serial": 102,
  "lineage": "ea2f5d61-0bb9-73bf-457a-87824fd209c3",
  "outputs": {
    "id-for-route-table-that-includes-the-internet-gateway": {
      "value": "ocid1.routetable.oc1.iad.aaaaaaaawmphkf42x6uopcsmihabrlmana3zqmyfxmtknyvtuzphyx6n7cuq",
      "type": "string"
    },
    "private-security-list-OCID": {
      "value": "ocid1.securitylist.oc1.iad.aaaaaaaa3lnol4z5iq6mqzp4o76vjukqd56w5tvry5y67b7nsp5ihtokqstq",
      "type": "string"
    },
    "private-security-list-name": {
      "value": "security-list-for-private-subnet",
      "type": "string"
    },
    "private-subnet-OCID": {
      "value": "ocid1.subnet.oc1.iad.aaaaaaaabe7ecqacw3v7fhwzvuxfyazl23s2iso3332rwms7rbl3si2xd33q",
      "type": "string"
    },
    "private-subnet-name": {
      "value": "private-subnet",
      "type": "string"
    },
    "public-security-list-OCID": {
      "value": "ocid1.securitylist.oc1.iad.aaaaaaaati2t6iiqe535qed2kr6umbtpvmdnfde3ore6aladrqgwnpxz4n4q",
      "type": "string"
    },
    "public-security-list-name": {
      "value": "security-list-for-public-subnet",
      "type": "string"
    },
    "public-subnet-OCID": {
      "value": "ocid1.subnet.oc1.iad.aaaaaaaapwxx4pq5nkcrsip2cctadhj6etvescrfmyvenysi3jx5jejymw6q",
      "type": "string"
    },
    "public-subnet-name": {
      "value": "public-subnet",
      "type": "string"
    },
    "vcn_id": {
      "value": "ocid1.vcn.oc1.iad.amaaaaaabiw4uvialeavkxsqagybyhccwgntmzoclr2zrqlllg4xbzpb7wka",
      "type": "string"
    }
  },
  "resources": [
    {
      "mode": "data",
      "type": "oci_identity_availability_domains",
      "name": "ads",
      "provider": "provider[\"registry.terraform.io/hashicorp/oci\"]",
      "instances": [
        {
          "schema_version": 0,
          "attributes": {
            "availability_domains": [
              {
                "compartment_id": "ocid1.tenancy.oc1..aaaaaaaay3gpq46ubw5k6mctntjbtrkem77svp53lxwuegww6rxpxl6i4kpa",
                "id": "ocid1.availabilitydomain.oc1..aaaaaaaatrwxaogr7dl4yschqtrmqrdv6uzis3mgbnomiagqrfhcb7mxsfdq",
                "name": "Ctao:US-ASHBURN-AD-1"
              },
              {
                "compartment_id": "ocid1.tenancy.oc1..aaaaaaaay3gpq46ubw5k6mctntjbtrkem77svp53lxwuegww6rxpxl6i4kpa",
                "id": "ocid1.availabilitydomain.oc1..aaaaaaaauvt2n7pijol7uqgdnnsoojcukrijtmcltvfwxazmitk235wyohta",
                "name": "Ctao:US-ASHBURN-AD-2"
              },
              {
                "compartment_id": "ocid1.tenancy.oc1..aaaaaaaay3gpq46ubw5k6mctntjbtrkem77svp53lxwuegww6rxpxl6i4kpa",
                "id": "ocid1.availabilitydomain.oc1..aaaaaaaaztunlny6ae4yw2vghp5go2zceaonwp6wiioe3tnh2vlaxjjl2n3a",
                "name": "Ctao:US-ASHBURN-AD-3"
              }
            ],
            "compartment_id": "ocid1.tenancy.oc1..aaaaaaaay3gpq46ubw5k6mctntjbtrkem77svp53lxwuegww6rxpxl6i4kpa",
            "filter": null,
            "id": "IdentityAvailabilityDomainsDataSource-3395513393"
          },
          "sensitive_attributes": []
        }
      ]
    },
    {
      "mode": "managed",
      "type": "oci_core_security_list",
      "name": "private-security-list",
      "provider": "provider[\"registry.terraform.io/hashicorp/oci\"]",
      "instances": [
        {
          "schema_version": 0,
          "attributes": {
            "compartment_id": "ocid1.compartment.oc1..aaaaaaaa2j6c6t2z5h5i63cvmohjvhqihnukzvor7spitxr24ign6fkxn4bq",
            "defined_tags": {},
            "display_name": "security-list-for-private-subnet",
            "egress_security_rules": [
              {
                "description": "",
                "destination": "0.0.0.0/0",
                "destination_type": "CIDR_BLOCK",
                "icmp_options": [],
                "protocol": "all",
                "stateless": false,
                "tcp_options": [],
                "udp_options": []
              }
            ],
            "freeform_tags": {},
            "id": "ocid1.securitylist.oc1.iad.aaaaaaaa3lnol4z5iq6mqzp4o76vjukqd56w5tvry5y67b7nsp5ihtokqstq",
            "ingress_security_rules": [
              {
                "description": "",
                "icmp_options": [
                  {
                    "code": -1,
                    "type": 3
                  }
                ],
                "protocol": "1",
                "source": "10.0.0.0/16",
                "source_type": "CIDR_BLOCK",
                "stateless": false,
                "tcp_options": [],
                "udp_options": []
              },
              {
                "description": "",
                "icmp_options": [
                  {
                    "code": 4,
                    "type": 3
                  }
                ],
                "protocol": "1",
                "source": "0.0.0.0/0",
                "source_type": "CIDR_BLOCK",
                "stateless": false,
                "tcp_options": [],
                "udp_options": []
              },
              {
                "description": "",
                "icmp_options": [],
                "protocol": "6",
                "source": "10.0.0.0/16",
                "source_type": "CIDR_BLOCK",
                "stateless": false,
                "tcp_options": [
                  {
                    "max": 22,
                    "min": 22,
                    "source_port_range": []
                  }
                ],
                "udp_options": []
              }
            ],
            "state": "AVAILABLE",
            "time_created": "2024-02-12 18:06:02.904 +0000 UTC",
            "timeouts": null,
            "vcn_id": "ocid1.vcn.oc1.iad.amaaaaaabiw4uvialeavkxsqagybyhccwgntmzoclr2zrqlllg4xbzpb7wka"
          },
          "sensitive_attributes": [],
          "private": "eyJlMmJmYjczMC1lY2FhLTExZTYtOGY4OC0zNDM2M2JjN2M0YzAiOnsiY3JlYXRlIjoxMjAwMDAwMDAwMDAwLCJkZWxldGUiOjEyMDAwMDAwMDAwMDAsInVwZGF0ZSI6MTIwMDAwMDAwMDAwMH19",
          "dependencies": [
            "module.vcn.oci_core_vcn.vcn"
          ]
        }
      ]
    },
    {
      "mode": "managed",
      "type": "oci_core_security_list",
      "name": "public-security-list",
      "provider": "provider[\"registry.terraform.io/hashicorp/oci\"]",
      "instances": [
        {
          "schema_version": 0,
          "attributes": {
            "compartment_id": "ocid1.compartment.oc1..aaaaaaaa2j6c6t2z5h5i63cvmohjvhqihnukzvor7spitxr24ign6fkxn4bq",
            "defined_tags": {},
            "display_name": "security-list-for-public-subnet",
            "egress_security_rules": [
              {
                "description": "",
                "destination": "0.0.0.0/0",
                "destination_type": "CIDR_BLOCK",
                "icmp_options": [],
                "protocol": "all",
                "stateless": false,
                "tcp_options": [],
                "udp_options": []
              }
            ],
            "freeform_tags": {},
            "id": "ocid1.securitylist.oc1.iad.aaaaaaaati2t6iiqe535qed2kr6umbtpvmdnfde3ore6aladrqgwnpxz4n4q",
            "ingress_security_rules": [
              {
                "description": "",
                "icmp_options": [
                  {
                    "code": -1,
                    "type": 3
                  }
                ],
                "protocol": "1",
                "source": "10.0.0.0/16",
                "source_type": "CIDR_BLOCK",
                "stateless": false,
                "tcp_options": [],
                "udp_options": []
              },
              {
                "description": "",
                "icmp_options": [
                  {
                    "code": 4,
                    "type": 3
                  }
                ],
                "protocol": "1",
                "source": "0.0.0.0/0",
                "source_type": "CIDR_BLOCK",
                "stateless": false,
                "tcp_options": [],
                "udp_options": []
              },
              {
                "description": "",
                "icmp_options": [],
                "protocol": "6",
                "source": "0.0.0.0/0",
                "source_type": "CIDR_BLOCK",
                "stateless": false,
                "tcp_options": [
                  {
                    "max": 22,
                    "min": 22,
                    "source_port_range": []
                  }
                ],
                "udp_options": []
              }
            ],
            "state": "AVAILABLE",
            "time_created": "2024-02-12 18:06:03.173 +0000 UTC",
            "timeouts": null,
            "vcn_id": "ocid1.vcn.oc1.iad.amaaaaaabiw4uvialeavkxsqagybyhccwgntmzoclr2zrqlllg4xbzpb7wka"
          },
          "sensitive_attributes": [],
          "private": "eyJlMmJmYjczMC1lY2FhLTExZTYtOGY4OC0zNDM2M2JjN2M0YzAiOnsiY3JlYXRlIjoxMjAwMDAwMDAwMDAwLCJkZWxldGUiOjEyMDAwMDAwMDAwMDAsInVwZGF0ZSI6MTIwMDAwMDAwMDAwMH19",
          "dependencies": [
            "module.vcn.oci_core_vcn.vcn"
          ]
        }
      ]
    },
    {
      "mode": "managed",
      "type": "oci_core_subnet",
      "name": "vcn-private-subnet",
      "provider": "provider[\"registry.terraform.io/hashicorp/oci\"]",
      "instances": [
        {
          "schema_version": 0,
          "attributes": {
            "availability_domain": null,
            "cidr_block": "10.0.1.0/24",
            "compartment_id": "ocid1.compartment.oc1..aaaaaaaa2j6c6t2z5h5i63cvmohjvhqihnukzvor7spitxr24ign6fkxn4bq",
            "defined_tags": {},
            "dhcp_options_id": "ocid1.dhcpoptions.oc1.iad.aaaaaaaagfwnobshmmllqeddsdmccipgu74xqpvjch7zidvctktxtr7zudyq",
            "display_name": "private-subnet",
            "dns_label": null,
            "freeform_tags": {},
            "id": "ocid1.subnet.oc1.iad.aaaaaaaabe7ecqacw3v7fhwzvuxfyazl23s2iso3332rwms7rbl3si2xd33q",
            "ipv6cidr_block": null,
            "ipv6cidr_blocks": [],
            "ipv6virtual_router_ip": null,
            "prohibit_internet_ingress": false,
            "prohibit_public_ip_on_vnic": false,
            "route_table_id": "ocid1.routetable.oc1.iad.aaaaaaaakfpfmzzya4wwamv7gq2jzoutqa57lrcbn662jnqc4pyj7h2kuiwa",
            "security_list_ids": [
              "ocid1.securitylist.oc1.iad.aaaaaaaa3lnol4z5iq6mqzp4o76vjukqd56w5tvry5y67b7nsp5ihtokqstq"
            ],
            "state": "AVAILABLE",
            "subnet_domain_name": null,
            "time_created": "2024-02-12 18:06:03.902 +0000 UTC",
            "timeouts": null,
            "vcn_id": "ocid1.vcn.oc1.iad.amaaaaaabiw4uvialeavkxsqagybyhccwgntmzoclr2zrqlllg4xbzpb7wka",
            "virtual_router_ip": "10.0.1.1",
            "virtual_router_mac": "00:00:17:8F:E5:7C"
          },
          "sensitive_attributes": [],
          "private": "eyJlMmJmYjczMC1lY2FhLTExZTYtOGY4OC0zNDM2M2JjN2M0YzAiOnsiY3JlYXRlIjoxMjAwMDAwMDAwMDAwLCJkZWxldGUiOjEyMDAwMDAwMDAwMDAsInVwZGF0ZSI6MTIwMDAwMDAwMDAwMH19",
          "dependencies": [
            "module.vcn.data.oci_core_services.all_oci_services",
            "module.vcn.module.drg_from_vcn_module.oci_core_drg.drg",
            "module.vcn.oci_core_nat_gateway.nat_gateway",
            "module.vcn.oci_core_route_table.nat",
            "module.vcn.oci_core_service_gateway.service_gateway",
            "module.vcn.oci_core_vcn.vcn",
            "oci_core_security_list.private-security-list"
          ]
        }
      ]
    },
    {
      "mode": "managed",
      "type": "oci_core_subnet",
      "name": "vcn-public-subnet",
      "provider": "provider[\"registry.terraform.io/hashicorp/oci\"]",
      "instances": [
        {
          "schema_version": 0,
          "attributes": {
            "availability_domain": null,
            "cidr_block": "10.0.0.0/24",
            "compartment_id": "ocid1.compartment.oc1..aaaaaaaa2j6c6t2z5h5i63cvmohjvhqihnukzvor7spitxr24ign6fkxn4bq",
            "defined_tags": {},
            "dhcp_options_id": "ocid1.dhcpoptions.oc1.iad.aaaaaaaagfwnobshmmllqeddsdmccipgu74xqpvjch7zidvctktxtr7zudyq",
            "display_name": "public-subnet",
            "dns_label": null,
            "freeform_tags": {},
            "id": "ocid1.subnet.oc1.iad.aaaaaaaapwxx4pq5nkcrsip2cctadhj6etvescrfmyvenysi3jx5jejymw6q",
            "ipv6cidr_block": null,
            "ipv6cidr_blocks": [],
            "ipv6virtual_router_ip": null,
            "prohibit_internet_ingress": false,
            "prohibit_public_ip_on_vnic": false,
            "route_table_id": "ocid1.routetable.oc1.iad.aaaaaaaawmphkf42x6uopcsmihabrlmana3zqmyfxmtknyvtuzphyx6n7cuq",
            "security_list_ids": [
              "ocid1.securitylist.oc1.iad.aaaaaaaati2t6iiqe535qed2kr6umbtpvmdnfde3ore6aladrqgwnpxz4n4q"
            ],
            "state": "AVAILABLE",
            "subnet_domain_name": null,
            "time_created": "2024-02-12 18:06:04.987 +0000 UTC",
            "timeouts": null,
            "vcn_id": "ocid1.vcn.oc1.iad.amaaaaaabiw4uvialeavkxsqagybyhccwgntmzoclr2zrqlllg4xbzpb7wka",
            "virtual_router_ip": "10.0.0.1",
            "virtual_router_mac": "00:00:17:8F:E5:7C"
          },
          "sensitive_attributes": [],
          "private": "eyJlMmJmYjczMC1lY2FhLTExZTYtOGY4OC0zNDM2M2JjN2M0YzAiOnsiY3JlYXRlIjoxMjAwMDAwMDAwMDAwLCJkZWxldGUiOjEyMDAwMDAwMDAwMDAsInVwZGF0ZSI6MTIwMDAwMDAwMDAwMH19",
          "dependencies": [
            "module.vcn.module.drg_from_vcn_module.oci_core_drg.drg",
            "module.vcn.oci_core_internet_gateway.ig",
            "module.vcn.oci_core_route_table.ig",
            "module.vcn.oci_core_vcn.vcn",
            "oci_core_security_list.public-security-list"
          ]
        }
      ]
    },
    {
      "mode": "managed",
      "type": "oci_identity_compartment",
      "name": "tf-compartment",
      "provider": "provider[\"registry.terraform.io/hashicorp/oci\"]",
      "instances": [
        {
          "schema_version": 0,
          "attributes": {
            "compartment_id": "ocid1.tenancy.oc1..aaaaaaaay3gpq46ubw5k6mctntjbtrkem77svp53lxwuegww6rxpxl6i4kpa",
            "defined_tags": {
              "Oracle-Tags.CreatedBy": "oracleidentitycloudservice/praveen.av.kumar@oracle.com",
              "Oracle-Tags.CreatedOn": "2024-01-30T18:51:58.675Z"
            },
            "description": "Compartment for Terraform resources.",
            "enable_delete": null,
            "freeform_tags": {},
            "id": "ocid1.compartment.oc1..aaaaaaaav3wvbbhowolbfnahji3go2uymdimkreioz2wrauozr7mjigrgutq",
            "inactive_state": null,
            "is_accessible": true,
            "name": "testing_zone",
            "state": "ACTIVE",
            "time_created": "2024-01-30 18:51:58.723 +0000 UTC",
            "timeouts": null
          },
          "sensitive_attributes": [],
          "private": "eyJlMmJmYjczMC1lY2FhLTExZTYtOGY4OC0zNDM2M2JjN2M0YzAiOnsiZGVsZXRlIjo1NDAwMDAwMDAwMDAwfX0="
        }
      ]
    },
    {
      "module": "module.vcn",
      "mode": "data",
      "type": "oci_core_services",
      "name": "all_oci_services",
      "provider": "provider[\"registry.terraform.io/hashicorp/oci\"]",
      "instances": []
    },
    {
      "module": "module.vcn",
      "mode": "managed",
      "type": "oci_core_default_security_list",
      "name": "lockdown",
      "provider": "provider[\"registry.terraform.io/hashicorp/oci\"]",
      "instances": [
        {
          "index_key": 0,
          "schema_version": 0,
          "attributes": {
            "compartment_id": "ocid1.compartment.oc1..aaaaaaaa2j6c6t2z5h5i63cvmohjvhqihnukzvor7spitxr24ign6fkxn4bq",
            "defined_tags": {},
            "display_name": "Default Security List for vcn-module",
            "egress_security_rules": [],
            "freeform_tags": {
              "module": "oracle-terraform-modules/vcn/oci",
              "terraformed": "Please do not edit manually"
            },
            "id": "ocid1.securitylist.oc1.iad.aaaaaaaa5szfuafm6w32anrzcxwwwrrarc5n6cib2idl7huqhtv5ljqzbcwa",
            "ingress_security_rules": [],
            "manage_default_resource_id": "ocid1.securitylist.oc1.iad.aaaaaaaa5szfuafm6w32anrzcxwwwrrarc5n6cib2idl7huqhtv5ljqzbcwa",
            "state": "AVAILABLE",
            "time_created": "2024-02-12 18:06:00.988 +0000 UTC",
            "timeouts": null
          },
          "sensitive_attributes": [],
          "private": "eyJlMmJmYjczMC1lY2FhLTExZTYtOGY4OC0zNDM2M2JjN2M0YzAiOnsiY3JlYXRlIjoxMjAwMDAwMDAwMDAwLCJkZWxldGUiOjEyMDAwMDAwMDAwMDAsInVwZGF0ZSI6MTIwMDAwMDAwMDAwMH19",
          "dependencies": [
            "module.vcn.oci_core_vcn.vcn"
          ]
        }
      ]
    },
    {
      "module": "module.vcn",
      "mode": "managed",
      "type": "oci_core_internet_gateway",
      "name": "ig",
      "provider": "provider[\"registry.terraform.io/hashicorp/oci\"]",
      "instances": [
        {
          "index_key": 0,
          "schema_version": 0,
          "attributes": {
            "compartment_id": "ocid1.compartment.oc1..aaaaaaaa2j6c6t2z5h5i63cvmohjvhqihnukzvor7spitxr24ign6fkxn4bq",
            "defined_tags": {},
            "display_name": "internet-gateway",
            "enabled": true,
            "freeform_tags": {
              "module": "oracle-terraform-modules/vcn/oci",
              "terraformed": "Please do not edit manually"
            },
            "id": "ocid1.internetgateway.oc1.iad.aaaaaaaa4gz6eelh7udqyyt4he2sawnq3pv2wsu5oy2sr6gwsjmzrgiz6ugq",
            "route_table_id": null,
            "state": "AVAILABLE",
            "time_created": "2024-02-12 18:06:02.331 +0000 UTC",
            "timeouts": null,
            "vcn_id": "ocid1.vcn.oc1.iad.amaaaaaabiw4uvialeavkxsqagybyhccwgntmzoclr2zrqlllg4xbzpb7wka"
          },
          "sensitive_attributes": [],
          "private": "eyJlMmJmYjczMC1lY2FhLTExZTYtOGY4OC0zNDM2M2JjN2M0YzAiOnsiY3JlYXRlIjoxMjAwMDAwMDAwMDAwLCJkZWxldGUiOjEyMDAwMDAwMDAwMDAsInVwZGF0ZSI6MTIwMDAwMDAwMDAwMH19",
          "dependencies": [
            "module.vcn.oci_core_vcn.vcn"
          ]
        }
      ]
    },
    {
      "module": "module.vcn",
      "mode": "managed",
      "type": "oci_core_nat_gateway",
      "name": "nat_gateway",
      "provider": "provider[\"registry.terraform.io/hashicorp/oci\"]",
      "instances": []
    },
    {
      "module": "module.vcn",
      "mode": "managed",
      "type": "oci_core_route_table",
      "name": "ig",
      "provider": "provider[\"registry.terraform.io/hashicorp/oci\"]",
      "instances": [
        {
          "index_key": 0,
          "schema_version": 0,
          "attributes": {
            "compartment_id": "ocid1.compartment.oc1..aaaaaaaa2j6c6t2z5h5i63cvmohjvhqihnukzvor7spitxr24ign6fkxn4bq",
            "defined_tags": {},
            "display_name": "internet-route",
            "freeform_tags": {
              "module": "oracle-terraform-modules/vcn/oci",
              "terraformed": "Please do not edit manually"
            },
            "id": "ocid1.routetable.oc1.iad.aaaaaaaawmphkf42x6uopcsmihabrlmana3zqmyfxmtknyvtuzphyx6n7cuq",
            "route_rules": [
              {
                "cidr_block": "",
                "description": "Terraformed - Auto-generated at Internet Gateway creation: Internet Gateway as default gateway",
                "destination": "0.0.0.0/0",
                "destination_type": "CIDR_BLOCK",
                "network_entity_id": "ocid1.internetgateway.oc1.iad.aaaaaaaa4gz6eelh7udqyyt4he2sawnq3pv2wsu5oy2sr6gwsjmzrgiz6ugq",
                "route_type": ""
              }
            ],
            "state": "AVAILABLE",
            "time_created": "2024-02-12 18:06:03.897 +0000 UTC",
            "timeouts": null,
            "vcn_id": "ocid1.vcn.oc1.iad.amaaaaaabiw4uvialeavkxsqagybyhccwgntmzoclr2zrqlllg4xbzpb7wka"
          },
          "sensitive_attributes": [],
          "private": "eyJlMmJmYjczMC1lY2FhLTExZTYtOGY4OC0zNDM2M2JjN2M0YzAiOnsiY3JlYXRlIjoxMjAwMDAwMDAwMDAwLCJkZWxldGUiOjEyMDAwMDAwMDAwMDAsInVwZGF0ZSI6MTIwMDAwMDAwMDAwMH19",
          "dependencies": [
            "module.vcn.module.drg_from_vcn_module.oci_core_drg.drg",
            "module.vcn.oci_core_internet_gateway.ig",
            "module.vcn.oci_core_vcn.vcn"
          ]
        }
      ]
    },
    {
      "module": "module.vcn",
      "mode": "managed",
      "type": "oci_core_route_table",
      "name": "nat",
      "provider": "provider[\"registry.terraform.io/hashicorp/oci\"]",
      "instances": []
    },
    {
      "module": "module.vcn",
      "mode": "managed",
      "type": "oci_core_service_gateway",
      "name": "service_gateway",
      "provider": "provider[\"registry.terraform.io/hashicorp/oci\"]",
      "instances": []
    },
    {
      "module": "module.vcn",
      "mode": "managed",
      "type": "oci_core_vcn",
      "name": "vcn",
      "provider": "provider[\"registry.terraform.io/hashicorp/oci\"]",
      "instances": [
        {
          "schema_version": 0,
          "attributes": {
            "byoipv6cidr_blocks": [],
            "byoipv6cidr_details": [],
            "cidr_block": "10.0.0.0/16",
            "cidr_blocks": [
              "10.0.0.0/16"
            ],
            "compartment_id": "ocid1.compartment.oc1..aaaaaaaa2j6c6t2z5h5i63cvmohjvhqihnukzvor7spitxr24ign6fkxn4bq",
            "default_dhcp_options_id": "ocid1.dhcpoptions.oc1.iad.aaaaaaaagfwnobshmmllqeddsdmccipgu74xqpvjch7zidvctktxtr7zudyq",
            "default_route_table_id": "ocid1.routetable.oc1.iad.aaaaaaaakfpfmzzya4wwamv7gq2jzoutqa57lrcbn662jnqc4pyj7h2kuiwa",
            "default_security_list_id": "ocid1.securitylist.oc1.iad.aaaaaaaa5szfuafm6w32anrzcxwwwrrarc5n6cib2idl7huqhtv5ljqzbcwa",
            "defined_tags": {},
            "display_name": "vcn-module",
            "dns_label": "vcnmodule",
            "freeform_tags": {
              "module": "oracle-terraform-modules/vcn/oci",
              "terraformed": "Please do not edit manually"
            },
            "id": "ocid1.vcn.oc1.iad.amaaaaaabiw4uvialeavkxsqagybyhccwgntmzoclr2zrqlllg4xbzpb7wka",
            "ipv6cidr_blocks": [],
            "ipv6private_cidr_blocks": [],
            "is_ipv6enabled": false,
            "is_oracle_gua_allocation_enabled": null,
            "state": "AVAILABLE",
            "time_created": "2024-02-12 18:06:00.988 +0000 UTC",
            "timeouts": null,
            "vcn_domain_name": "vcnmodule.oraclevcn.com"
          },
          "sensitive_attributes": [],
          "private": "eyJlMmJmYjczMC1lY2FhLTExZTYtOGY4OC0zNDM2M2JjN2M0YzAiOnsiY3JlYXRlIjoxMjAwMDAwMDAwMDAwLCJkZWxldGUiOjEyMDAwMDAwMDAwMDAsInVwZGF0ZSI6MTIwMDAwMDAwMDAwMH19"
        }
      ]
    }
  ],
  "check_results": [
    {
      "object_kind": "var",
      "config_addr": "module.vcn.var.internet_gateway_display_name",
      "status": "pass",
      "objects": [
        {
          "object_addr": "module.vcn.var.internet_gateway_display_name",
          "status": "pass"
        }
      ]
    },
    {
      "object_kind": "var",
      "config_addr": "module.vcn.module.drg_from_vcn_module.var.drg_display_name",
      "status": "pass",
      "objects": null
    },
    {
      "object_kind": "var",
      "config_addr": "module.vcn.var.nat_gateway_display_name",
      "status": "pass",
      "objects": [
        {
          "object_addr": "module.vcn.var.nat_gateway_display_name",
          "status": "pass"
        }
      ]
    },
    {
      "object_kind": "var",
      "config_addr": "module.vcn.var.service_gateway_display_name",
      "status": "pass",
      "objects": [
        {
          "object_addr": "module.vcn.var.service_gateway_display_name",
          "status": "pass"
        }
      ]
    },
    {
      "object_kind": "var",
      "config_addr": "module.vcn.var.drg_display_name",
      "status": "pass",
      "objects": [
        {
          "object_addr": "module.vcn.var.drg_display_name",
          "status": "pass"
        }
      ]
    },
    {
      "object_kind": "var",
      "config_addr": "module.vcn.var.vcn_name",
      "status": "pass",
      "objects": [
        {
          "object_addr": "module.vcn.var.vcn_name",
          "status": "pass"
        }
      ]
    },
    {
      "object_kind": "var",
      "config_addr": "module.vcn.var.vcn_dns_label",
      "status": "pass",
      "objects": [
        {
          "object_addr": "module.vcn.var.vcn_dns_label",
          "status": "pass"
        }
      ]
    }
  ]
}
